
Microsoft Visual Studio Solution File, Format Version 12.00
# Visual Studio 15
VisualStudioVersion = 15.0.27004.2006
MinimumVisualStudioVersion = 10.0.40219.1
Project("{2150E333-8FDC-42A3-9474-1A3956D46DE8}") = "src", "src", "{E519C0E0-9D50-4FFD-B634-739DC4B31BA6}"
EndProject
Project("{2150E333-8FDC-42A3-9474-1A3956D46DE8}") = "WebApp", "WebApp", "{7A33936D-07D3-4177-A014-646D4EAF88EE}"
EndProject
Project("{9A19103F-16F7-4668-BE54-9A1E7A4F7556}") = "ToDo", "src\ToDo.WebApp\ToDo.csproj", "{5F1D42FF-8364-4D5F-8529-D9842A8FBC32}"
EndProject
Global
	GlobalSection(SolutionConfigurationPlatforms) = preSolution
		Debug|Any CPU = Debug|Any CPU
		Release|Any CPU = Release|Any CPU
	EndGlobalSection
	GlobalSection(ProjectConfigurationPlatforms) = postSolution
		{5F1D42FF-8364-4D5F-8529-D9842A8FBC32}.Debug|Any CPU.ActiveCfg = Debug|Any CPU
		{5F1D42FF-8364-4D5F-8529-D9842A8FBC32}.Debug|Any CPU.Build.0 = Debug|Any CPU
		{5F1D42FF-8364-4D5F-8529-D9842A8FBC32}.Release|Any CPU.ActiveCfg = Release|Any CPU
		{5F1D42FF-8364-4D5F-8529-D9842A8FBC32}.Release|Any CPU.Build.0 = Release|Any CPU
	EndGlobalSection
	GlobalSection(SolutionProperties) = preSolution
		HideSolutionNode = FALSE
	EndGlobalSection
	GlobalSection(NestedProjects) = preSolution
		{7A33936D-07D3-4177-A014-646D4EAF88EE} = {E519C0E0-9D50-4FFD-B634-739DC4B31BA6}
		{5F1D42FF-8364-4D5F-8529-D9842A8FBC32} = {7A33936D-07D3-4177-A014-646D4EAF88EE}
	EndGlobalSection
	GlobalSection(ExtensibilityGlobals) = postSolution
		SolutionGuid = {D4904395-4E87-4C83-A8FD-EBCB8B4594E1}
	EndGlobalSection
EndGlobal
